
Microsoft Visual Studio Solution File, Format Version 12.00
# Visual Studio Version 17
VisualStudioVersion = 17.10.34928.147
MinimumVisualStudioVersion = 10.0.40219.1
Project("{2150E333-8FDC-42A3-9474-1A3956D46DE8}") = "SRC", "SRC", "{0B9E97A2-F04B-448C-92EA-38C66923A7D5}"
EndProject
Project("{2150E333-8FDC-42A3-9474-1A3956D46DE8}") = "Test", "Test", "{AD4E51C4-F65C-4BB0-9754-31A6A256AB17}"
EndProject
Project("{2150E333-8FDC-42A3-9474-1A3956D46DE8}") = "00.Common", "00.Common", "{1AB6F354-FA78-4BAA-915E-BA8FC8B067B0}"
EndProject
Project("{2150E333-8FDC-42A3-9474-1A3956D46DE8}") = "01.Core", "01.Core", "{484EA099-4DAA-4AAD-BC24-8F1A087F6A82}"
EndProject
Project("{2150E333-8FDC-42A3-9474-1A3956D46DE8}") = "02.Service", "02.Service", "{EB934574-2175-4365-B6BE-856B69B13C84}"
EndProject
Project("{2150E333-8FDC-42A3-9474-1A3956D46DE8}") = "03.InfraStructure", "03.InfraStructure", "{B99C0C1B-FFF7-485F-B562-494D78FEABAA}"
EndProject
Project("{2150E333-8FDC-42A3-9474-1A3956D46DE8}") = "04.EndPoint", "04.EndPoint", "{BF9BC147-A706-423D-8644-71A413B477DE}"
EndProject
Project("{FAE04EC0-301F-11D3-BF4B-00C04F79EFBC}") = "P.A_Contract", "P.A_Contract\P.A_Contract.csproj", "{0AFBD649-8597-4C70-AD54-3B3ACE9E301C}"
EndProject
Project("{FAE04EC0-301F-11D3-BF4B-00C04F79EFBC}") = "P.A._Entity", "P.A._Entity\P.A._Entity.csproj", "{8F5F8506-55B7-4033-AF27-FAA19026FA5F}"
EndProject
Project("{FAE04EC0-301F-11D3-BF4B-00C04F79EFBC}") = "P.A_Service", "P.A_Service\P.A_Service.csproj", "{1EA1DE47-36AB-4E99-A70E-13504BF062AB}"
EndProject
Project("{FAE04EC0-301F-11D3-BF4B-00C04F79EFBC}") = "P.A_Persistance", "P.A_Persistance\P.A_Persistance.csproj", "{1068A1F8-EA46-4796-9135-7494E908BE36}"
EndProject
Project("{FAE04EC0-301F-11D3-BF4B-00C04F79EFBC}") = "P.A_API", "P.A_API\P.A_API.csproj", "{2026AAFD-4692-484C-BFA7-B45BC51494FF}"
EndProject
Project("{FAE04EC0-301F-11D3-BF4B-00C04F79EFBC}") = "P.A_UnitTest", "P.A_UnitTest\P.A_UnitTest.csproj", "{F108B426-4DDE-47D8-8B6E-8317F936C963}"
EndProject
Project("{FAE04EC0-301F-11D3-BF4B-00C04F79EFBC}") = "P.A_TestTools", "P.A_TestTools\P.A_TestTools.csproj", "{D49BFE74-24C8-4E32-9321-9DE6051833B3}"
EndProject
Global
	GlobalSection(SolutionConfigurationPlatforms) = preSolution
		Debug|Any CPU = Debug|Any CPU
		Release|Any CPU = Release|Any CPU
	EndGlobalSection
	GlobalSection(ProjectConfigurationPlatforms) = postSolution
		{0AFBD649-8597-4C70-AD54-3B3ACE9E301C}.Debug|Any CPU.ActiveCfg = Debug|Any CPU
		{0AFBD649-8597-4C70-AD54-3B3ACE9E301C}.Debug|Any CPU.Build.0 = Debug|Any CPU
		{0AFBD649-8597-4C70-AD54-3B3ACE9E301C}.Release|Any CPU.ActiveCfg = Release|Any CPU
		{0AFBD649-8597-4C70-AD54-3B3ACE9E301C}.Release|Any CPU.Build.0 = Release|Any CPU
		{8F5F8506-55B7-4033-AF27-FAA19026FA5F}.Debug|Any CPU.ActiveCfg = Debug|Any CPU
		{8F5F8506-55B7-4033-AF27-FAA19026FA5F}.Debug|Any CPU.Build.0 = Debug|Any CPU
		{8F5F8506-55B7-4033-AF27-FAA19026FA5F}.Release|Any CPU.ActiveCfg = Release|Any CPU
		{8F5F8506-55B7-4033-AF27-FAA19026FA5F}.Release|Any CPU.Build.0 = Release|Any CPU
		{1EA1DE47-36AB-4E99-A70E-13504BF062AB}.Debug|Any CPU.ActiveCfg = Debug|Any CPU
		{1EA1DE47-36AB-4E99-A70E-13504BF062AB}.Debug|Any CPU.Build.0 = Debug|Any CPU
		{1EA1DE47-36AB-4E99-A70E-13504BF062AB}.Release|Any CPU.ActiveCfg = Release|Any CPU
		{1EA1DE47-36AB-4E99-A70E-13504BF062AB}.Release|Any CPU.Build.0 = Release|Any CPU
		{1068A1F8-EA46-4796-9135-7494E908BE36}.Debug|Any CPU.ActiveCfg = Debug|Any CPU
		{1068A1F8-EA46-4796-9135-7494E908BE36}.Debug|Any CPU.Build.0 = Debug|Any CPU
		{1068A1F8-EA46-4796-9135-7494E908BE36}.Release|Any CPU.ActiveCfg = Release|Any CPU
		{1068A1F8-EA46-4796-9135-7494E908BE36}.Release|Any CPU.Build.0 = Release|Any CPU
		{2026AAFD-4692-484C-BFA7-B45BC51494FF}.Debug|Any CPU.ActiveCfg = Debug|Any CPU
		{2026AAFD-4692-484C-BFA7-B45BC51494FF}.Debug|Any CPU.Build.0 = Debug|Any CPU
		{2026AAFD-4692-484C-BFA7-B45BC51494FF}.Release|Any CPU.ActiveCfg = Release|Any CPU
		{2026AAFD-4692-484C-BFA7-B45BC51494FF}.Release|Any CPU.Build.0 = Release|Any CPU
		{F108B426-4DDE-47D8-8B6E-8317F936C963}.Debug|Any CPU.ActiveCfg = Debug|Any CPU
		{F108B426-4DDE-47D8-8B6E-8317F936C963}.Debug|Any CPU.Build.0 = Debug|Any CPU
		{F108B426-4DDE-47D8-8B6E-8317F936C963}.Release|Any CPU.ActiveCfg = Release|Any CPU
		{F108B426-4DDE-47D8-8B6E-8317F936C963}.Release|Any CPU.Build.0 = Release|Any CPU
		{D49BFE74-24C8-4E32-9321-9DE6051833B3}.Debug|Any CPU.ActiveCfg = Debug|Any CPU
		{D49BFE74-24C8-4E32-9321-9DE6051833B3}.Debug|Any CPU.Build.0 = Debug|Any CPU
		{D49BFE74-24C8-4E32-9321-9DE6051833B3}.Release|Any CPU.ActiveCfg = Release|Any CPU
		{D49BFE74-24C8-4E32-9321-9DE6051833B3}.Release|Any CPU.Build.0 = Release|Any CPU
	EndGlobalSection
	GlobalSection(SolutionProperties) = preSolution
		HideSolutionNode = FALSE
	EndGlobalSection
	GlobalSection(NestedProjects) = preSolution
		{1AB6F354-FA78-4BAA-915E-BA8FC8B067B0} = {0B9E97A2-F04B-448C-92EA-38C66923A7D5}
		{484EA099-4DAA-4AAD-BC24-8F1A087F6A82} = {0B9E97A2-F04B-448C-92EA-38C66923A7D5}
		{EB934574-2175-4365-B6BE-856B69B13C84} = {0B9E97A2-F04B-448C-92EA-38C66923A7D5}
		{B99C0C1B-FFF7-485F-B562-494D78FEABAA} = {0B9E97A2-F04B-448C-92EA-38C66923A7D5}
		{BF9BC147-A706-423D-8644-71A413B477DE} = {0B9E97A2-F04B-448C-92EA-38C66923A7D5}
		{0AFBD649-8597-4C70-AD54-3B3ACE9E301C} = {1AB6F354-FA78-4BAA-915E-BA8FC8B067B0}
		{8F5F8506-55B7-4033-AF27-FAA19026FA5F} = {484EA099-4DAA-4AAD-BC24-8F1A087F6A82}
		{1EA1DE47-36AB-4E99-A70E-13504BF062AB} = {EB934574-2175-4365-B6BE-856B69B13C84}
		{1068A1F8-EA46-4796-9135-7494E908BE36} = {B99C0C1B-FFF7-485F-B562-494D78FEABAA}
		{2026AAFD-4692-484C-BFA7-B45BC51494FF} = {BF9BC147-A706-423D-8644-71A413B477DE}
		{F108B426-4DDE-47D8-8B6E-8317F936C963} = {AD4E51C4-F65C-4BB0-9754-31A6A256AB17}
		{D49BFE74-24C8-4E32-9321-9DE6051833B3} = {AD4E51C4-F65C-4BB0-9754-31A6A256AB17}
	EndGlobalSection
	GlobalSection(ExtensibilityGlobals) = postSolution
		SolutionGuid = {422DEEAB-6F3F-4522-A050-AA5F099AE450}
	EndGlobalSection
EndGlobal
